
Microsoft Visual Studio Solution File, Format Version 12.00
# Visual Studio Version 16
VisualStudioVersion = 16.0.30114.105
MinimumVisualStudioVersion = 10.0.40219.1
Project("{FAE04EC0-301F-11D3-BF4B-00C04F79EFBC}") = "Csv2Json.App", "Csv2Json.App\Csv2Json.App.csproj", "{148DB2D2-AD9B-4842-82D8-C3B0E9C3B185}"
EndProject
Project("{FAE04EC0-301F-11D3-BF4B-00C04F79EFBC}") = "Csv2Json.Services", "Csv2Json.Services\Csv2Json.Services.csproj", "{41EA7942-4AA3-419C-A3BF-6689B6C72075}"
EndProject
Project("{FAE04EC0-301F-11D3-BF4B-00C04F79EFBC}") = "Csv2Json.Tests", "Csv2Json.Tests\Csv2Json.Tests.csproj", "{60B1C100-528E-45EA-9817-1FB53E760952}"
EndProject
Global
	GlobalSection(SolutionConfigurationPlatforms) = preSolution
		Debug|Any CPU = Debug|Any CPU
		Release|Any CPU = Release|Any CPU
	EndGlobalSection
	GlobalSection(SolutionProperties) = preSolution
		HideSolutionNode = FALSE
	EndGlobalSection
	GlobalSection(ProjectConfigurationPlatforms) = postSolution
		{148DB2D2-AD9B-4842-82D8-C3B0E9C3B185}.Debug|Any CPU.ActiveCfg = Debug|Any CPU
		{148DB2D2-AD9B-4842-82D8-C3B0E9C3B185}.Debug|Any CPU.Build.0 = Debug|Any CPU
		{148DB2D2-AD9B-4842-82D8-C3B0E9C3B185}.Release|Any CPU.ActiveCfg = Release|Any CPU
		{148DB2D2-AD9B-4842-82D8-C3B0E9C3B185}.Release|Any CPU.Build.0 = Release|Any CPU
		{41EA7942-4AA3-419C-A3BF-6689B6C72075}.Debug|Any CPU.ActiveCfg = Debug|Any CPU
		{41EA7942-4AA3-419C-A3BF-6689B6C72075}.Debug|Any CPU.Build.0 = Debug|Any CPU
		{41EA7942-4AA3-419C-A3BF-6689B6C72075}.Release|Any CPU.ActiveCfg = Release|Any CPU
		{41EA7942-4AA3-419C-A3BF-6689B6C72075}.Release|Any CPU.Build.0 = Release|Any CPU
		{60B1C100-528E-45EA-9817-1FB53E760952}.Debug|Any CPU.ActiveCfg = Debug|Any CPU
		{60B1C100-528E-45EA-9817-1FB53E760952}.Debug|Any CPU.Build.0 = Debug|Any CPU
		{60B1C100-528E-45EA-9817-1FB53E760952}.Release|Any CPU.ActiveCfg = Release|Any CPU
		{60B1C100-528E-45EA-9817-1FB53E760952}.Release|Any CPU.Build.0 = Release|Any CPU
	EndGlobalSection
EndGlobal
